
Microsoft Visual Studio Solution File, Format Version 12.00
# Visual Studio Version 16
VisualStudioVersion = 16.0.31313.79
MinimumVisualStudioVersion = 10.0.40219.1
Project("{FAE04EC0-301F-11D3-BF4B-00C04F79EFBC}") = "PeltsAreAlwaysFree", "Events\PeltsAreAlwaysFree\PeltsAreAlwaysFree.csproj", "{97140767-255F-4350-B705-CB02736D9ED1}"
EndProject
Project("{FAE04EC0-301F-11D3-BF4B-00C04F79EFBC}") = "FirePitIncreaseStatBoost", "Events\FirePitIncreaseStatBoost\FirePitIncreaseStatBoost.csproj", "{50672D39-A234-49DF-A811-E23D787851B1}"
EndProject
Project("{FAE04EC0-301F-11D3-BF4B-00C04F79EFBC}") = "FirePitAlwaysAbleToUpgrade", "Events\FirePitAlwaysAbleToUpgrade\FirePitAlwaysAbleToUpgrade.csproj", "{22F9CA54-3F5A-4E3F-B890-D56FDF44B013}"
EndProject
Project("{2150E333-8FDC-42A3-9474-1A3956D46DE8}") = "Solution Items", "Solution Items", "{5DB42608-EE47-4AB5-977B-A7FEC157664C}"
	ProjectSection(SolutionItems) = preProject
		.editorconfig = .editorconfig
	EndProjectSection
EndProject
Project("{FAE04EC0-301F-11D3-BF4B-00C04F79EFBC}") = "FreeShopsAct2And3", "Events\FreeShopsAct2And3\FreeShopsAct2And3.csproj", "{972A5967-F41F-4CB6-BDEA-85621BFF803E}"
EndProject
Project("{FAE04EC0-301F-11D3-BF4B-00C04F79EFBC}") = "Exodia", "Cards_And_Abilities\Exodia\Exodia.csproj", "{2A6EA6A5-9CF5-45C7-90B7-5B04B993473F}"
EndProject
Project("{FAE04EC0-301F-11D3-BF4B-00C04F79EFBC}") = "HealthForAnts", "Cards_And_Abilities\HealthForAnts\HealthForAnts.csproj", "{4241E77D-09BF-4C12-9527-E7256151C0CD}"
EndProject
Project("{2150E333-8FDC-42A3-9474-1A3956D46DE8}") = "SCP_Universe", "SCP_Universe", "{0C8A6530-9CFC-48D3-8F7A-74C9E77955E5}"
EndProject
Project("{FAE04EC0-301F-11D3-BF4B-00C04F79EFBC}") = "AddAllSCP", "Cards_And_Abilities\AddAllSCP\AddAllSCP.csproj", "{55E33D72-DC92-4810-8857-0E66F9FDECF0}"
EndProject
Project("{FAE04EC0-301F-11D3-BF4B-00C04F79EFBC}") = "HaveStartingBones", "Events\HaveStartingBones\HaveStartingBones.csproj", "{BF8C5953-2C80-460B-A1B8-B8FECA627573}"
EndProject
Project("{FAE04EC0-301F-11D3-BF4B-00C04F79EFBC}") = "NestAbility", "Cards_And_Abilities\NestAbility\NestAbility.csproj", "{829D1ADD-A2C8-4A3C-A585-52839A0A3C20}"
EndProject
Project("{2150E333-8FDC-42A3-9474-1A3956D46DE8}") = "Cards_And_Abilities", "Cards_And_Abilities", "{01573B43-6D5B-4507-A451-9FECDFECBE1F}"
EndProject
Project("{FAE04EC0-301F-11D3-BF4B-00C04F79EFBC}") = "SummonerCard", "Cards_And_Abilities\SummonerCard\SummonerCard.csproj", "{D46E4750-2A0A-48B7-9081-2D0BFF7AB99F}"
EndProject
Project("{2150E333-8FDC-42A3-9474-1A3956D46DE8}") = "Events", "Events", "{64FF84B1-4D01-4231-B392-A275F3D94A3D}"
EndProject
Project("{FAE04EC0-301F-11D3-BF4B-00C04F79EFBC}") = "AntsTest", "Cards_And_Abilities\AntsTest\AntsTest.csproj", "{863C3598-8FE0-4851-94B3-F79265993E9F}"
EndProject
Project("{FAE04EC0-301F-11D3-BF4B-00C04F79EFBC}") = "Excavator", "Cards_And_Abilities\Excavator\Excavator.csproj", "{CF0EEC1B-4E8D-4D76-8A66-16ED45E25824}"
EndProject
Project("{FAE04EC0-301F-11D3-BF4B-00C04F79EFBC}") = "WheelOfFortune", "Cards_And_Abilities\WheelOfFortune\WheelOfFortune.csproj", "{F2A633B0-A3A0-476E-B267-58FE7E9F083E}"
EndProject
Global
	GlobalSection(SolutionConfigurationPlatforms) = preSolution
		Debug|Any CPU = Debug|Any CPU
		Release|Any CPU = Release|Any CPU
	EndGlobalSection
	GlobalSection(ProjectConfigurationPlatforms) = postSolution
		{97140767-255F-4350-B705-CB02736D9ED1}.Debug|Any CPU.ActiveCfg = Debug|Any CPU
		{97140767-255F-4350-B705-CB02736D9ED1}.Debug|Any CPU.Build.0 = Debug|Any CPU
		{97140767-255F-4350-B705-CB02736D9ED1}.Release|Any CPU.ActiveCfg = Release|Any CPU
		{97140767-255F-4350-B705-CB02736D9ED1}.Release|Any CPU.Build.0 = Release|Any CPU
		{50672D39-A234-49DF-A811-E23D787851B1}.Debug|Any CPU.ActiveCfg = Debug|Any CPU
		{50672D39-A234-49DF-A811-E23D787851B1}.Debug|Any CPU.Build.0 = Debug|Any CPU
		{50672D39-A234-49DF-A811-E23D787851B1}.Release|Any CPU.ActiveCfg = Release|Any CPU
		{50672D39-A234-49DF-A811-E23D787851B1}.Release|Any CPU.Build.0 = Release|Any CPU
		{22F9CA54-3F5A-4E3F-B890-D56FDF44B013}.Debug|Any CPU.ActiveCfg = Debug|Any CPU
		{22F9CA54-3F5A-4E3F-B890-D56FDF44B013}.Debug|Any CPU.Build.0 = Debug|Any CPU
		{22F9CA54-3F5A-4E3F-B890-D56FDF44B013}.Release|Any CPU.ActiveCfg = Release|Any CPU
		{22F9CA54-3F5A-4E3F-B890-D56FDF44B013}.Release|Any CPU.Build.0 = Release|Any CPU
		{972A5967-F41F-4CB6-BDEA-85621BFF803E}.Debug|Any CPU.ActiveCfg = Debug|Any CPU
		{972A5967-F41F-4CB6-BDEA-85621BFF803E}.Debug|Any CPU.Build.0 = Debug|Any CPU
		{972A5967-F41F-4CB6-BDEA-85621BFF803E}.Release|Any CPU.ActiveCfg = Release|Any CPU
		{972A5967-F41F-4CB6-BDEA-85621BFF803E}.Release|Any CPU.Build.0 = Release|Any CPU
		{2A6EA6A5-9CF5-45C7-90B7-5B04B993473F}.Debug|Any CPU.ActiveCfg = Debug|Any CPU
		{2A6EA6A5-9CF5-45C7-90B7-5B04B993473F}.Debug|Any CPU.Build.0 = Debug|Any CPU
		{2A6EA6A5-9CF5-45C7-90B7-5B04B993473F}.Release|Any CPU.ActiveCfg = Release|Any CPU
		{2A6EA6A5-9CF5-45C7-90B7-5B04B993473F}.Release|Any CPU.Build.0 = Release|Any CPU
		{4241E77D-09BF-4C12-9527-E7256151C0CD}.Debug|Any CPU.ActiveCfg = Debug|Any CPU
		{4241E77D-09BF-4C12-9527-E7256151C0CD}.Debug|Any CPU.Build.0 = Debug|Any CPU
		{4241E77D-09BF-4C12-9527-E7256151C0CD}.Release|Any CPU.ActiveCfg = Release|Any CPU
		{4241E77D-09BF-4C12-9527-E7256151C0CD}.Release|Any CPU.Build.0 = Release|Any CPU
		{55E33D72-DC92-4810-8857-0E66F9FDECF0}.Debug|Any CPU.ActiveCfg = Debug|Any CPU
		{55E33D72-DC92-4810-8857-0E66F9FDECF0}.Debug|Any CPU.Build.0 = Debug|Any CPU
		{55E33D72-DC92-4810-8857-0E66F9FDECF0}.Release|Any CPU.ActiveCfg = Release|Any CPU
		{55E33D72-DC92-4810-8857-0E66F9FDECF0}.Release|Any CPU.Build.0 = Release|Any CPU
		{BF8C5953-2C80-460B-A1B8-B8FECA627573}.Debug|Any CPU.ActiveCfg = Debug|Any CPU
		{BF8C5953-2C80-460B-A1B8-B8FECA627573}.Debug|Any CPU.Build.0 = Debug|Any CPU
		{BF8C5953-2C80-460B-A1B8-B8FECA627573}.Release|Any CPU.ActiveCfg = Release|Any CPU
		{BF8C5953-2C80-460B-A1B8-B8FECA627573}.Release|Any CPU.Build.0 = Release|Any CPU
		{829D1ADD-A2C8-4A3C-A585-52839A0A3C20}.Debug|Any CPU.ActiveCfg = Debug|Any CPU
		{829D1ADD-A2C8-4A3C-A585-52839A0A3C20}.Debug|Any CPU.Build.0 = Debug|Any CPU
		{829D1ADD-A2C8-4A3C-A585-52839A0A3C20}.Release|Any CPU.ActiveCfg = Release|Any CPU
		{829D1ADD-A2C8-4A3C-A585-52839A0A3C20}.Release|Any CPU.Build.0 = Release|Any CPU
		{D46E4750-2A0A-48B7-9081-2D0BFF7AB99F}.Debug|Any CPU.ActiveCfg = Debug|Any CPU
		{D46E4750-2A0A-48B7-9081-2D0BFF7AB99F}.Debug|Any CPU.Build.0 = Debug|Any CPU
		{D46E4750-2A0A-48B7-9081-2D0BFF7AB99F}.Release|Any CPU.ActiveCfg = Release|Any CPU
		{D46E4750-2A0A-48B7-9081-2D0BFF7AB99F}.Release|Any CPU.Build.0 = Release|Any CPU
		{863C3598-8FE0-4851-94B3-F79265993E9F}.Debug|Any CPU.ActiveCfg = Debug|Any CPU
		{863C3598-8FE0-4851-94B3-F79265993E9F}.Debug|Any CPU.Build.0 = Debug|Any CPU
		{863C3598-8FE0-4851-94B3-F79265993E9F}.Release|Any CPU.ActiveCfg = Release|Any CPU
		{863C3598-8FE0-4851-94B3-F79265993E9F}.Release|Any CPU.Build.0 = Release|Any CPU
		{CF0EEC1B-4E8D-4D76-8A66-16ED45E25824}.Debug|Any CPU.ActiveCfg = Debug|Any CPU
		{CF0EEC1B-4E8D-4D76-8A66-16ED45E25824}.Debug|Any CPU.Build.0 = Debug|Any CPU
		{CF0EEC1B-4E8D-4D76-8A66-16ED45E25824}.Release|Any CPU.ActiveCfg = Release|Any CPU
		{CF0EEC1B-4E8D-4D76-8A66-16ED45E25824}.Release|Any CPU.Build.0 = Release|Any CPU
		{F2A633B0-A3A0-476E-B267-58FE7E9F083E}.Debug|Any CPU.ActiveCfg = Debug|Any CPU
		{F2A633B0-A3A0-476E-B267-58FE7E9F083E}.Debug|Any CPU.Build.0 = Debug|Any CPU
		{F2A633B0-A3A0-476E-B267-58FE7E9F083E}.Release|Any CPU.ActiveCfg = Release|Any CPU
		{F2A633B0-A3A0-476E-B267-58FE7E9F083E}.Release|Any CPU.Build.0 = Release|Any CPU
	EndGlobalSection
	GlobalSection(SolutionProperties) = preSolution
		HideSolutionNode = FALSE
	EndGlobalSection
	GlobalSection(ExtensibilityGlobals) = postSolution
		SolutionGuid = {D038932E-8956-4460-B419-B867B44EFEF7}
	EndGlobalSection
	GlobalSection(NestedProjects) = preSolution
		{55E33D72-DC92-4810-8857-0E66F9FDECF0} = {0C8A6530-9CFC-48D3-8F7A-74C9E77955E5}
		{D46E4750-2A0A-48B7-9081-2D0BFF7AB99F} = {01573B43-6D5B-4507-A451-9FECDFECBE1F}
		{829D1ADD-A2C8-4A3C-A585-52839A0A3C20} = {01573B43-6D5B-4507-A451-9FECDFECBE1F}
		{97140767-255F-4350-B705-CB02736D9ED1} = {64FF84B1-4D01-4231-B392-A275F3D94A3D}
		{BF8C5953-2C80-460B-A1B8-B8FECA627573} = {64FF84B1-4D01-4231-B392-A275F3D94A3D}
		{22F9CA54-3F5A-4E3F-B890-D56FDF44B013} = {64FF84B1-4D01-4231-B392-A275F3D94A3D}
		{50672D39-A234-49DF-A811-E23D787851B1} = {64FF84B1-4D01-4231-B392-A275F3D94A3D}
		{972A5967-F41F-4CB6-BDEA-85621BFF803E} = {64FF84B1-4D01-4231-B392-A275F3D94A3D}
		{2A6EA6A5-9CF5-45C7-90B7-5B04B993473F} = {01573B43-6D5B-4507-A451-9FECDFECBE1F}
		{4241E77D-09BF-4C12-9527-E7256151C0CD} = {01573B43-6D5B-4507-A451-9FECDFECBE1F}
		{0C8A6530-9CFC-48D3-8F7A-74C9E77955E5} = {01573B43-6D5B-4507-A451-9FECDFECBE1F}
		{863C3598-8FE0-4851-94B3-F79265993E9F} = {01573B43-6D5B-4507-A451-9FECDFECBE1F}
		{CF0EEC1B-4E8D-4D76-8A66-16ED45E25824} = {01573B43-6D5B-4507-A451-9FECDFECBE1F}
		{F2A633B0-A3A0-476E-B267-58FE7E9F083E} = {01573B43-6D5B-4507-A451-9FECDFECBE1F}
	EndGlobalSection
EndGlobal
